// !$*UTF8*$!
{
	archiveVersion = 1;
	classes = {
	};
	objectVersion = 56;
	objects = {

/* Begin PBXBuildFile section */
		C11356FD2A6AF4020030ABB0 /* StrictlyApp.swift in Sources */ = {isa = PBXBuildFile; fileRef = C11356FC2A6AF4020030ABB0 /* StrictlyApp.swift */; };
		C11356FF2A6AF4020030ABB0 /* ContentView.swift in Sources */ = {isa = PBXBuildFile; fileRef = C11356FE2A6AF4020030ABB0 /* ContentView.swift */; };
		C11357012A6AF4050030ABB0 /* Assets.xcassets in Resources */ = {isa = PBXBuildFile; fileRef = C11357002A6AF4050030ABB0 /* Assets.xcassets */; };
		C11357042A6AF4050030ABB0 /* Preview Assets.xcassets in Resources */ = {isa = PBXBuildFile; fileRef = C11357032A6AF4050030ABB0 /* Preview Assets.xcassets */; };
		C11357112A6AF4790030ABB0 /* WidgetKit.framework in Frameworks */ = {isa = PBXBuildFile; fileRef = C11357102A6AF4790030ABB0 /* WidgetKit.framework */; };
		C11357132A6AF4790030ABB0 /* SwiftUI.framework in Frameworks */ = {isa = PBXBuildFile; fileRef = C11357122A6AF4790030ABB0 /* SwiftUI.framework */; };
		C11357162A6AF4790030ABB0 /* Strictly_widgetBundle.swift in Sources */ = {isa = PBXBuildFile; fileRef = C11357152A6AF4790030ABB0 /* Strictly_widgetBundle.swift */; };
		C113571A2A6AF47C0030ABB0 /* Assets.xcassets in Resources */ = {isa = PBXBuildFile; fileRef = C11357192A6AF47C0030ABB0 /* Assets.xcassets */; };
		C113571E2A6AF47C0030ABB0 /* Strictly widgetExtension.appex in Embed Foundation Extensions */ = {isa = PBXBuildFile; fileRef = C113570E2A6AF4790030ABB0 /* Strictly widgetExtension.appex */; settings = {ATTRIBUTES = (RemoveHeadersOnCopy, ); }; };
		C11357242A6AF55C0030ABB0 /* NetworkService.swift in Sources */ = {isa = PBXBuildFile; fileRef = C11357232A6AF55C0030ABB0 /* NetworkService.swift */; };
		C11357252A6AF55C0030ABB0 /* NetworkService.swift in Sources */ = {isa = PBXBuildFile; fileRef = C11357232A6AF55C0030ABB0 /* NetworkService.swift */; };
		C11357292A6AF59B0030ABB0 /* ExchangeRates.swift in Sources */ = {isa = PBXBuildFile; fileRef = C11357272A6AF59B0030ABB0 /* ExchangeRates.swift */; };
		C113572B2A6AF5C00030ABB0 /* WidgetEntry.swift in Sources */ = {isa = PBXBuildFile; fileRef = C113572A2A6AF5C00030ABB0 /* WidgetEntry.swift */; };
		C113572E2A6AF5F70030ABB0 /* ViewModel.swift in Sources */ = {isa = PBXBuildFile; fileRef = C113572D2A6AF5F70030ABB0 /* ViewModel.swift */; };
		C11357302A6AF60E0030ABB0 /* Provider.swift in Sources */ = {isa = PBXBuildFile; fileRef = C113572F2A6AF60E0030ABB0 /* Provider.swift */; };
		C11357322A6AF62B0030ABB0 /* Widget.swift in Sources */ = {isa = PBXBuildFile; fileRef = C11357312A6AF62B0030ABB0 /* Widget.swift */; };
		C11357342A6AF66C0030ABB0 /* WidgetView.swift in Sources */ = {isa = PBXBuildFile; fileRef = C11357332A6AF66C0030ABB0 /* WidgetView.swift */; };
		C11357352A6AF7BB0030ABB0 /* ExchangeRates.swift in Sources */ = {isa = PBXBuildFile; fileRef = C11357272A6AF59B0030ABB0 /* ExchangeRates.swift */; };
		C11357372A6B08A80030ABB0 /* PlaceholderView.swift in Sources */ = {isa = PBXBuildFile; fileRef = C11357362A6B08A80030ABB0 /* PlaceholderView.swift */; };
		C113573B2A6C2B010030ABB0 /* NetworkError.swift in Sources */ = {isa = PBXBuildFile; fileRef = C113573A2A6C2B010030ABB0 /* NetworkError.swift */; };
		C113573C2A6C2E6D0030ABB0 /* NetworkError.swift in Sources */ = {isa = PBXBuildFile; fileRef = C113573A2A6C2B010030ABB0 /* NetworkError.swift */; };
		C11357402A6C50040030ABB0 /* Assets.xcassets in Resources */ = {isa = PBXBuildFile; fileRef = C11357192A6AF47C0030ABB0 /* Assets.xcassets */; };
		C11357452A6C564B0030ABB0 /* Storage.swift in Sources */ = {isa = PBXBuildFile; fileRef = C11357442A6C564B0030ABB0 /* Storage.swift */; };
		C11357462A6C564B0030ABB0 /* Storage.swift in Sources */ = {isa = PBXBuildFile; fileRef = C11357442A6C564B0030ABB0 /* Storage.swift */; };
/* End PBXBuildFile section */

/* Begin PBXContainerItemProxy section */
		C113571C2A6AF47C0030ABB0 /* PBXContainerItemProxy */ = {
			isa = PBXContainerItemProxy;
			containerPortal = C11356F12A6AF4020030ABB0 /* Project object */;
			proxyType = 1;
			remoteGlobalIDString = C113570D2A6AF4790030ABB0;
			remoteInfo = "Strictly widgetExtension";
		};
/* End PBXContainerItemProxy section */

/* Begin PBXCopyFilesBuildPhase section */
		C11357222A6AF47C0030ABB0 /* Embed Foundation Extensions */ = {
			isa = PBXCopyFilesBuildPhase;
			buildActionMask = 2147483647;
			dstPath = "";
			dstSubfolderSpec = 13;
			files = (
				C113571E2A6AF47C0030ABB0 /* Strictly widgetExtension.appex in Embed Foundation Extensions */,
			);
			name = "Embed Foundation Extensions";
			runOnlyForDeploymentPostprocessing = 0;
		};
/* End PBXCopyFilesBuildPhase section */

/* Begin PBXFileReference section */
		C11356F92A6AF4020030ABB0 /* Strictly.app */ = {isa = PBXFileReference; explicitFileType = wrapper.application; includeInIndex = 0; path = Strictly.app; sourceTree = BUILT_PRODUCTS_DIR; };
		C11356FC2A6AF4020030ABB0 /* StrictlyApp.swift */ = {isa = PBXFileReference; lastKnownFileType = sourcecode.swift; path = StrictlyApp.swift; sourceTree = "<group>"; };
		C11356FE2A6AF4020030ABB0 /* ContentView.swift */ = {isa = PBXFileReference; lastKnownFileType = sourcecode.swift; path = ContentView.swift; sourceTree = "<group>"; };
		C11357002A6AF4050030ABB0 /* Assets.xcassets */ = {isa = PBXFileReference; lastKnownFileType = folder.assetcatalog; path = Assets.xcassets; sourceTree = "<group>"; };
		C11357032A6AF4050030ABB0 /* Preview Assets.xcassets */ = {isa = PBXFileReference; lastKnownFileType = folder.assetcatalog; path = "Preview Assets.xcassets"; sourceTree = "<group>"; };
		C113570E2A6AF4790030ABB0 /* Strictly widgetExtension.appex */ = {isa = PBXFileReference; explicitFileType = "wrapper.app-extension"; includeInIndex = 0; path = "Strictly widgetExtension.appex"; sourceTree = BUILT_PRODUCTS_DIR; };
		C11357102A6AF4790030ABB0 /* WidgetKit.framework */ = {isa = PBXFileReference; lastKnownFileType = wrapper.framework; name = WidgetKit.framework; path = System/Library/Frameworks/WidgetKit.framework; sourceTree = SDKROOT; };
		C11357122A6AF4790030ABB0 /* SwiftUI.framework */ = {isa = PBXFileReference; lastKnownFileType = wrapper.framework; name = SwiftUI.framework; path = System/Library/Frameworks/SwiftUI.framework; sourceTree = SDKROOT; };
		C11357152A6AF4790030ABB0 /* Strictly_widgetBundle.swift */ = {isa = PBXFileReference; lastKnownFileType = sourcecode.swift; path = Strictly_widgetBundle.swift; sourceTree = "<group>"; };
		C11357192A6AF47C0030ABB0 /* Assets.xcassets */ = {isa = PBXFileReference; lastKnownFileType = folder.assetcatalog; path = Assets.xcassets; sourceTree = "<group>"; };
		C113571B2A6AF47C0030ABB0 /* Info.plist */ = {isa = PBXFileReference; lastKnownFileType = text.plist.xml; path = Info.plist; sourceTree = "<group>"; };
		C11357232A6AF55C0030ABB0 /* NetworkService.swift */ = {isa = PBXFileReference; lastKnownFileType = sourcecode.swift; path = NetworkService.swift; sourceTree = "<group>"; };
		C11357272A6AF59B0030ABB0 /* ExchangeRates.swift */ = {isa = PBXFileReference; lastKnownFileType = sourcecode.swift; path = ExchangeRates.swift; sourceTree = "<group>"; };
		C113572A2A6AF5C00030ABB0 /* WidgetEntry.swift */ = {isa = PBXFileReference; lastKnownFileType = sourcecode.swift; path = WidgetEntry.swift; sourceTree = "<group>"; };
		C113572D2A6AF5F70030ABB0 /* ViewModel.swift */ = {isa = PBXFileReference; lastKnownFileType = sourcecode.swift; path = ViewModel.swift; sourceTree = "<group>"; };
		C113572F2A6AF60E0030ABB0 /* Provider.swift */ = {isa = PBXFileReference; lastKnownFileType = sourcecode.swift; path = Provider.swift; sourceTree = "<group>"; };
		C11357312A6AF62B0030ABB0 /* Widget.swift */ = {isa = PBXFileReference; lastKnownFileType = sourcecode.swift; path = Widget.swift; sourceTree = "<group>"; };
		C11357332A6AF66C0030ABB0 /* WidgetView.swift */ = {isa = PBXFileReference; lastKnownFileType = sourcecode.swift; path = WidgetView.swift; sourceTree = "<group>"; };
		C11357362A6B08A80030ABB0 /* PlaceholderView.swift */ = {isa = PBXFileReference; lastKnownFileType = sourcecode.swift; path = PlaceholderView.swift; sourceTree = "<group>"; };
		C113573A2A6C2B010030ABB0 /* NetworkError.swift */ = {isa = PBXFileReference; lastKnownFileType = sourcecode.swift; path = NetworkError.swift; sourceTree = "<group>"; };
		C11357442A6C564B0030ABB0 /* Storage.swift */ = {isa = PBXFileReference; lastKnownFileType = sourcecode.swift; path = Storage.swift; sourceTree = "<group>"; };
/* End PBXFileReference section */

/* Begin PBXFrameworksBuildPhase section */
		C11356F62A6AF4020030ABB0 /* Frameworks */ = {
			isa = PBXFrameworksBuildPhase;
			buildActionMask = 2147483647;
			files = (
			);
			runOnlyForDeploymentPostprocessing = 0;
		};
		C113570B2A6AF4790030ABB0 /* Frameworks */ = {
			isa = PBXFrameworksBuildPhase;
			buildActionMask = 2147483647;
			files = (
				C11357132A6AF4790030ABB0 /* SwiftUI.framework in Frameworks */,
				C11357112A6AF4790030ABB0 /* WidgetKit.framework in Frameworks */,
			);
			runOnlyForDeploymentPostprocessing = 0;
		};
/* End PBXFrameworksBuildPhase section */

/* Begin PBXGroup section */
		C11356F02A6AF4020030ABB0 = {
			isa = PBXGroup;
			children = (
				C11356FB2A6AF4020030ABB0 /* Strictly */,
				C11357142A6AF4790030ABB0 /* Strictly widget */,
				C113570F2A6AF4790030ABB0 /* Frameworks */,
				C11356FA2A6AF4020030ABB0 /* Products */,
			);
			sourceTree = "<group>";
		};
		C11356FA2A6AF4020030ABB0 /* Products */ = {
			isa = PBXGroup;
			children = (
				C11356F92A6AF4020030ABB0 /* Strictly.app */,
				C113570E2A6AF4790030ABB0 /* Strictly widgetExtension.appex */,
			);
			name = Products;
			sourceTree = "<group>";
		};
		C11356FB2A6AF4020030ABB0 /* Strictly */ = {
			isa = PBXGroup;
			children = (
				C11357442A6C564B0030ABB0 /* Storage.swift */,
				C11357262A6AF5720030ABB0 /* NetworkService */,
				C11356FC2A6AF4020030ABB0 /* StrictlyApp.swift */,
				C11356FE2A6AF4020030ABB0 /* ContentView.swift */,
				C11357002A6AF4050030ABB0 /* Assets.xcassets */,
				C11357022A6AF4050030ABB0 /* Preview Content */,
			);
			path = Strictly;
			sourceTree = "<group>";
		};
		C11357022A6AF4050030ABB0 /* Preview Content */ = {
			isa = PBXGroup;
			children = (
				C11357032A6AF4050030ABB0 /* Preview Assets.xcassets */,
			);
			path = "Preview Content";
			sourceTree = "<group>";
		};
		C113570F2A6AF4790030ABB0 /* Frameworks */ = {
			isa = PBXGroup;
			children = (
				C11357102A6AF4790030ABB0 /* WidgetKit.framework */,
				C11357122A6AF4790030ABB0 /* SwiftUI.framework */,
			);
			name = Frameworks;
			sourceTree = "<group>";
		};
		C11357142A6AF4790030ABB0 /* Strictly widget */ = {
			isa = PBXGroup;
			children = (
				C11357382A6B08B20030ABB0 /* Sources */,
				C11357192A6AF47C0030ABB0 /* Assets.xcassets */,
				C113571B2A6AF47C0030ABB0 /* Info.plist */,
			);
			path = "Strictly widget";
			sourceTree = "<group>";
		};
		C11357262A6AF5720030ABB0 /* NetworkService */ = {
			isa = PBXGroup;
			children = (
				C11357232A6AF55C0030ABB0 /* NetworkService.swift */,
				C113573A2A6C2B010030ABB0 /* NetworkError.swift */,
			);
			path = NetworkService;
			sourceTree = "<group>";
		};
		C113572C2A6AF5E00030ABB0 /* Model */ = {
			isa = PBXGroup;
			children = (
				C11357272A6AF59B0030ABB0 /* ExchangeRates.swift */,
				C113572A2A6AF5C00030ABB0 /* WidgetEntry.swift */,
			);
			path = Model;
			sourceTree = "<group>";
		};
		C11357382A6B08B20030ABB0 /* Sources */ = {
			isa = PBXGroup;
			children = (
				C11357152A6AF4790030ABB0 /* Strictly_widgetBundle.swift */,
				C113572C2A6AF5E00030ABB0 /* Model */,
				C11357392A6B09430030ABB0 /* Views */,
				C113572D2A6AF5F70030ABB0 /* ViewModel.swift */,
				C113572F2A6AF60E0030ABB0 /* Provider.swift */,
				C11357312A6AF62B0030ABB0 /* Widget.swift */,
			);
			path = Sources;
			sourceTree = "<group>";
		};
		C11357392A6B09430030ABB0 /* Views */ = {
			isa = PBXGroup;
			children = (
				C11357332A6AF66C0030ABB0 /* WidgetView.swift */,
				C11357362A6B08A80030ABB0 /* PlaceholderView.swift */,
			);
			path = Views;
			sourceTree = "<group>";
		};
/* End PBXGroup section */

/* Begin PBXNativeTarget section */
		C11356F82A6AF4020030ABB0 /* Strictly */ = {
			isa = PBXNativeTarget;
			buildConfigurationList = C11357072A6AF4050030ABB0 /* Build configuration list for PBXNativeTarget "Strictly" */;
			buildPhases = (
				C11356F52A6AF4020030ABB0 /* Sources */,
				C11356F62A6AF4020030ABB0 /* Frameworks */,
				C11356F72A6AF4020030ABB0 /* Resources */,
				C11357222A6AF47C0030ABB0 /* Embed Foundation Extensions */,
			);
			buildRules = (
			);
			dependencies = (
				C113571D2A6AF47C0030ABB0 /* PBXTargetDependency */,
			);
			name = Strictly;
			productName = Strictly;
			productReference = C11356F92A6AF4020030ABB0 /* Strictly.app */;
			productType = "com.apple.product-type.application";
		};
		C113570D2A6AF4790030ABB0 /* Strictly widgetExtension */ = {
			isa = PBXNativeTarget;
			buildConfigurationList = C113571F2A6AF47C0030ABB0 /* Build configuration list for PBXNativeTarget "Strictly widgetExtension" */;
			buildPhases = (
				C113570A2A6AF4790030ABB0 /* Sources */,
				C113570B2A6AF4790030ABB0 /* Frameworks */,
				C113570C2A6AF4790030ABB0 /* Resources */,
			);
			buildRules = (
			);
			dependencies = (
			);
			name = "Strictly widgetExtension";
			productName = "Strictly widgetExtension";
			productReference = C113570E2A6AF4790030ABB0 /* Strictly widgetExtension.appex */;
			productType = "com.apple.product-type.app-extension";
		};
/* End PBXNativeTarget section */

/* Begin PBXProject section */
		C11356F12A6AF4020030ABB0 /* Project object */ = {
			isa = PBXProject;
			attributes = {
				BuildIndependentTargetsInParallel = 1;
				LastSwiftUpdateCheck = 1430;
				LastUpgradeCheck = 1430;
				TargetAttributes = {
					C11356F82A6AF4020030ABB0 = {
						CreatedOnToolsVersion = 14.3;
					};
					C113570D2A6AF4790030ABB0 = {
						CreatedOnToolsVersion = 14.3;
					};
				};
			};
			buildConfigurationList = C11356F42A6AF4020030ABB0 /* Build configuration list for PBXProject "Strictly" */;
			compatibilityVersion = "Xcode 14.0";
			developmentRegion = en;
			hasScannedForEncodings = 0;
			knownRegions = (
				en,
				Base,
			);
			mainGroup = C11356F02A6AF4020030ABB0;
			productRefGroup = C11356FA2A6AF4020030ABB0 /* Products */;
			projectDirPath = "";
			projectRoot = "";
			targets = (
				C11356F82A6AF4020030ABB0 /* Strictly */,
				C113570D2A6AF4790030ABB0 /* Strictly widgetExtension */,
			);
		};
/* End PBXProject section */

/* Begin PBXResourcesBuildPhase section */
		C11356F72A6AF4020030ABB0 /* Resources */ = {
			isa = PBXResourcesBuildPhase;
			buildActionMask = 2147483647;
			files = (
				C11357042A6AF4050030ABB0 /* Preview Assets.xcassets in Resources */,
				C11357402A6C50040030ABB0 /* Assets.xcassets in Resources */,
				C11357012A6AF4050030ABB0 /* Assets.xcassets in Resources */,
			);
			runOnlyForDeploymentPostprocessing = 0;
		};
		C113570C2A6AF4790030ABB0 /* Resources */ = {
			isa = PBXResourcesBuildPhase;
			buildActionMask = 2147483647;
			files = (
				C113571A2A6AF47C0030ABB0 /* Assets.xcassets in Resources */,
			);
			runOnlyForDeploymentPostprocessing = 0;
		};
/* End PBXResourcesBuildPhase section */

/* Begin PBXSourcesBuildPhase section */
		C11356F52A6AF4020030ABB0 /* Sources */ = {
			isa = PBXSourcesBuildPhase;
			buildActionMask = 2147483647;
			files = (
				C113573B2A6C2B010030ABB0 /* NetworkError.swift in Sources */,
				C11357452A6C564B0030ABB0 /* Storage.swift in Sources */,
				C11357352A6AF7BB0030ABB0 /* ExchangeRates.swift in Sources */,
				C11356FF2A6AF4020030ABB0 /* ContentView.swift in Sources */,
				C11357242A6AF55C0030ABB0 /* NetworkService.swift in Sources */,
				C11356FD2A6AF4020030ABB0 /* StrictlyApp.swift in Sources */,
			);
			runOnlyForDeploymentPostprocessing = 0;
		};
		C113570A2A6AF4790030ABB0 /* Sources */ = {
			isa = PBXSourcesBuildPhase;
			buildActionMask = 2147483647;
			files = (
				C11357292A6AF59B0030ABB0 /* ExchangeRates.swift in Sources */,
				C11357162A6AF4790030ABB0 /* Strictly_widgetBundle.swift in Sources */,
				C11357302A6AF60E0030ABB0 /* Provider.swift in Sources */,
				C11357322A6AF62B0030ABB0 /* Widget.swift in Sources */,
				C11357462A6C564B0030ABB0 /* Storage.swift in Sources */,
				C11357252A6AF55C0030ABB0 /* NetworkService.swift in Sources */,
				C113572B2A6AF5C00030ABB0 /* WidgetEntry.swift in Sources */,
				C11357342A6AF66C0030ABB0 /* WidgetView.swift in Sources */,
				C113572E2A6AF5F70030ABB0 /* ViewModel.swift in Sources */,
				C11357372A6B08A80030ABB0 /* PlaceholderView.swift in Sources */,
				C113573C2A6C2E6D0030ABB0 /* NetworkError.swift in Sources */,
			);
			runOnlyForDeploymentPostprocessing = 0;
		};
/* End PBXSourcesBuildPhase section */

/* Begin PBXTargetDependency section */
		C113571D2A6AF47C0030ABB0 /* PBXTargetDependency */ = {
			isa = PBXTargetDependency;
			target = C113570D2A6AF4790030ABB0 /* Strictly widgetExtension */;
			targetProxy = C113571C2A6AF47C0030ABB0 /* PBXContainerItemProxy */;
		};
/* End PBXTargetDependency section */

/* Begin XCBuildConfiguration section */
		C11357052A6AF4050030ABB0 /* Debug */ = {
			isa = XCBuildConfiguration;
			buildSettings = {
				ALWAYS_SEARCH_USER_PATHS = NO;
				CLANG_ANALYZER_NONNULL = YES;
				CLANG_ANALYZER_NUMBER_OBJECT_CONVERSION = YES_AGGRESSIVE;
				CLANG_CXX_LANGUAGE_STANDARD = "gnu++20";
				CLANG_ENABLE_MODULES = YES;
				CLANG_ENABLE_OBJC_ARC = YES;
				CLANG_ENABLE_OBJC_WEAK = YES;
				CLANG_WARN_BLOCK_CAPTURE_AUTORELEASING = YES;
				CLANG_WARN_BOOL_CONVERSION = YES;
				CLANG_WARN_COMMA = YES;
				CLANG_WARN_CONSTANT_CONVERSION = YES;
				CLANG_WARN_DEPRECATED_OBJC_IMPLEMENTATIONS = YES;
				CLANG_WARN_DIRECT_OBJC_ISA_USAGE = YES_ERROR;
				CLANG_WARN_DOCUMENTATION_COMMENTS = YES;
				CLANG_WARN_EMPTY_BODY = YES;
				CLANG_WARN_ENUM_CONVERSION = YES;
				CLANG_WARN_INFINITE_RECURSION = YES;
				CLANG_WARN_INT_CONVERSION = YES;
				CLANG_WARN_NON_LITERAL_NULL_CONVERSION = YES;
				CLANG_WARN_OBJC_IMPLICIT_RETAIN_SELF = YES;
				CLANG_WARN_OBJC_LITERAL_CONVERSION = YES;
				CLANG_WARN_OBJC_ROOT_CLASS = YES_ERROR;
				CLANG_WARN_QUOTED_INCLUDE_IN_FRAMEWORK_HEADER = YES;
				CLANG_WARN_RANGE_LOOP_ANALYSIS = YES;
				CLANG_WARN_STRICT_PROTOTYPES = YES;
				CLANG_WARN_SUSPICIOUS_MOVE = YES;
				CLANG_WARN_UNGUARDED_AVAILABILITY = YES_AGGRESSIVE;
				CLANG_WARN_UNREACHABLE_CODE = YES;
				CLANG_WARN__DUPLICATE_METHOD_MATCH = YES;
				COPY_PHASE_STRIP = NO;
				DEBUG_INFORMATION_FORMAT = dwarf;
				ENABLE_STRICT_OBJC_MSGSEND = YES;
				ENABLE_TESTABILITY = YES;
				GCC_C_LANGUAGE_STANDARD = gnu11;
				GCC_DYNAMIC_NO_PIC = NO;
				GCC_NO_COMMON_BLOCKS = YES;
				GCC_OPTIMIZATION_LEVEL = 0;
				GCC_PREPROCESSOR_DEFINITIONS = (
					"DEBUG=1",
					"$(inherited)",
				);
				GCC_WARN_64_TO_32_BIT_CONVERSION = YES;
				GCC_WARN_ABOUT_RETURN_TYPE = YES_ERROR;
				GCC_WARN_UNDECLARED_SELECTOR = YES;
				GCC_WARN_UNINITIALIZED_AUTOS = YES_AGGRESSIVE;
				GCC_WARN_UNUSED_FUNCTION = YES;
				GCC_WARN_UNUSED_VARIABLE = YES;
				IPHONEOS_DEPLOYMENT_TARGET = 16.4;
				MTL_ENABLE_DEBUG_INFO = INCLUDE_SOURCE;
				MTL_FAST_MATH = YES;
				ONLY_ACTIVE_ARCH = YES;
				SDKROOT = iphoneos;
				SWIFT_ACTIVE_COMPILATION_CONDITIONS = DEBUG;
				SWIFT_OPTIMIZATION_LEVEL = "-Onone";
			};
			name = Debug;
		};
		C11357062A6AF4050030ABB0 /* Release */ = {
			isa = XCBuildConfiguration;
			buildSettings = {
				ALWAYS_SEARCH_USER_PATHS = NO;
				CLANG_ANALYZER_NONNULL = YES;
				CLANG_ANALYZER_NUMBER_OBJECT_CONVERSION = YES_AGGRESSIVE;
				CLANG_CXX_LANGUAGE_STANDARD = "gnu++20";
				CLANG_ENABLE_MODULES = YES;
				CLANG_ENABLE_OBJC_ARC = YES;
				CLANG_ENABLE_OBJC_WEAK = YES;
				CLANG_WARN_BLOCK_CAPTURE_AUTORELEASING = YES;
				CLANG_WARN_BOOL_CONVERSION = YES;
				CLANG_WARN_COMMA = YES;
				CLANG_WARN_CONSTANT_CONVERSION = YES;
				CLANG_WARN_DEPRECATED_OBJC_IMPLEMENTATIONS = YES;
				CLANG_WARN_DIRECT_OBJC_ISA_USAGE = YES_ERROR;
				CLANG_WARN_DOCUMENTATION_COMMENTS = YES;
				CLANG_WARN_EMPTY_BODY = YES;
				CLANG_WARN_ENUM_CONVERSION = YES;
				CLANG_WARN_INFINITE_RECURSION = YES;
				CLANG_WARN_INT_CONVERSION = YES;
				CLANG_WARN_NON_LITERAL_NULL_CONVERSION = YES;
				CLANG_WARN_OBJC_IMPLICIT_RETAIN_SELF = YES;
				CLANG_WARN_OBJC_LITERAL_CONVERSION = YES;
				CLANG_WARN_OBJC_ROOT_CLASS = YES_ERROR;
				CLANG_WARN_QUOTED_INCLUDE_IN_FRAMEWORK_HEADER = YES;
				CLANG_WARN_RANGE_LOOP_ANALYSIS = YES;
				CLANG_WARN_STRICT_PROTOTYPES = YES;
				CLANG_WARN_SUSPICIOUS_MOVE = YES;
				CLANG_WARN_UNGUARDED_AVAILABILITY = YES_AGGRESSIVE;
				CLANG_WARN_UNREACHABLE_CODE = YES;
				CLANG_WARN__DUPLICATE_METHOD_MATCH = YES;
				COPY_PHASE_STRIP = NO;
				DEBUG_INFORMATION_FORMAT = "dwarf-with-dsym";
				ENABLE_NS_ASSERTIONS = NO;
				ENABLE_STRICT_OBJC_MSGSEND = YES;
				GCC_C_LANGUAGE_STANDARD = gnu11;
				GCC_NO_COMMON_BLOCKS = YES;
				GCC_WARN_64_TO_32_BIT_CONVERSION = YES;
				GCC_WARN_ABOUT_RETURN_TYPE = YES_ERROR;
				GCC_WARN_UNDECLARED_SELECTOR = YES;
				GCC_WARN_UNINITIALIZED_AUTOS = YES_AGGRESSIVE;
				GCC_WARN_UNUSED_FUNCTION = YES;
				GCC_WARN_UNUSED_VARIABLE = YES;
				IPHONEOS_DEPLOYMENT_TARGET = 16.4;
				MTL_ENABLE_DEBUG_INFO = NO;
				MTL_FAST_MATH = YES;
				SDKROOT = iphoneos;
				SWIFT_COMPILATION_MODE = wholemodule;
				SWIFT_OPTIMIZATION_LEVEL = "-O";
				VALIDATE_PRODUCT = YES;
			};
			name = Release;
		};
		C11357082A6AF4050030ABB0 /* Debug */ = {
			isa = XCBuildConfiguration;
			buildSettings = {
				ALWAYS_EMBED_SWIFT_STANDARD_LIBRARIES = YES;
				ASSETCATALOG_COMPILER_APPICON_NAME = AppIcon;
				ASSETCATALOG_COMPILER_GLOBAL_ACCENT_COLOR_NAME = AccentColor;
				CODE_SIGN_STYLE = Automatic;
				CURRENT_PROJECT_VERSION = 1;
				DEVELOPMENT_ASSET_PATHS = "\"Strictly/Preview Content\"";
				DEVELOPMENT_TEAM = KD67T552T3;
				ENABLE_PREVIEWS = YES;
				GENERATE_INFOPLIST_FILE = YES;
				INFOPLIST_KEY_UIApplicationSceneManifest_Generation = YES;
				INFOPLIST_KEY_UIApplicationSupportsIndirectInputEvents = YES;
				INFOPLIST_KEY_UILaunchScreen_Generation = YES;
				INFOPLIST_KEY_UISupportedInterfaceOrientations = UIInterfaceOrientationPortrait;
				INFOPLIST_KEY_UISupportedInterfaceOrientations_iPad = "UIInterfaceOrientationLandscapeLeft UIInterfaceOrientationLandscapeRight UIInterfaceOrientationPortrait UIInterfaceOrientationPortraitUpsideDown";
				IPHONEOS_DEPLOYMENT_TARGET = 15.0;
				LD_RUNPATH_SEARCH_PATHS = (
					"$(inherited)",
					"@executable_path/Frameworks",
				);
				MARKETING_VERSION = 1.0;
				PRODUCT_BUNDLE_IDENTIFIER = com.my.Strictly;
				PRODUCT_NAME = "$(TARGET_NAME)";
				SUPPORTED_PLATFORMS = "iphoneos iphonesimulator";
				SUPPORTS_MACCATALYST = NO;
				SUPPORTS_MAC_DESIGNED_FOR_IPHONE_IPAD = NO;
				SWIFT_EMIT_LOC_STRINGS = YES;
				SWIFT_VERSION = 5.0;
				TARGETED_DEVICE_FAMILY = 1;
			};
			name = Debug;
		};
		C11357092A6AF4050030ABB0 /* Release */ = {
			isa = XCBuildConfiguration;
			buildSettings = {
				ALWAYS_EMBED_SWIFT_STANDARD_LIBRARIES = YES;
				ASSETCATALOG_COMPILER_APPICON_NAME = AppIcon;
				ASSETCATALOG_COMPILER_GLOBAL_ACCENT_COLOR_NAME = AccentColor;
				CODE_SIGN_STYLE = Automatic;
				CURRENT_PROJECT_VERSION = 1;
				DEVELOPMENT_ASSET_PATHS = "\"Strictly/Preview Content\"";
				DEVELOPMENT_TEAM = KD67T552T3;
				ENABLE_PREVIEWS = YES;
				GENERATE_INFOPLIST_FILE = YES;
				INFOPLIST_KEY_UIApplicationSceneManifest_Generation = YES;
				INFOPLIST_KEY_UIApplicationSupportsIndirectInputEvents = YES;
				INFOPLIST_KEY_UILaunchScreen_Generation = YES;
				INFOPLIST_KEY_UISupportedInterfaceOrientations = UIInterfaceOrientationPortrait;
				INFOPLIST_KEY_UISupportedInterfaceOrientations_iPad = "UIInterfaceOrientationLandscapeLeft UIInterfaceOrientationLandscapeRight UIInterfaceOrientationPortrait UIInterfaceOrientationPortraitUpsideDown";
				IPHONEOS_DEPLOYMENT_TARGET = 15.0;
				LD_RUNPATH_SEARCH_PATHS = (
					"$(inherited)",
					"@executable_path/Frameworks",
				);
				MARKETING_VERSION = 1.0;
				PRODUCT_BUNDLE_IDENTIFIER = com.my.Strictly;
				PRODUCT_NAME = "$(TARGET_NAME)";
				SUPPORTED_PLATFORMS = "iphoneos iphonesimulator";
				SUPPORTS_MACCATALYST = NO;
				SUPPORTS_MAC_DESIGNED_FOR_IPHONE_IPAD = NO;
				SWIFT_EMIT_LOC_STRINGS = YES;
				SWIFT_VERSION = 5.0;
				TARGETED_DEVICE_FAMILY = 1;
			};
			name = Release;
		};
		C11357202A6AF47C0030ABB0 /* Debug */ = {
			isa = XCBuildConfiguration;
			buildSettings = {
				ASSETCATALOG_COMPILER_GLOBAL_ACCENT_COLOR_NAME = AccentColor;
				ASSETCATALOG_COMPILER_WIDGET_BACKGROUND_COLOR_NAME = WidgetBackground;
				CODE_SIGN_STYLE = Automatic;
				CURRENT_PROJECT_VERSION = 1;
				DEVELOPMENT_TEAM = KD67T552T3;
				GENERATE_INFOPLIST_FILE = YES;
				INFOPLIST_FILE = "Strictly widget/Info.plist";
				INFOPLIST_KEY_CFBundleDisplayName = "Strictly widget";
				INFOPLIST_KEY_NSHumanReadableCopyright = "";
				LD_RUNPATH_SEARCH_PATHS = (
					"$(inherited)",
					"@executable_path/Frameworks",
					"@executable_path/../../Frameworks",
				);
				MARKETING_VERSION = 1.0;
				PRODUCT_BUNDLE_IDENTIFIER = "com.my.Strictly.Strictly-widget";
				PRODUCT_NAME = "$(TARGET_NAME)";
				SKIP_INSTALL = YES;
				SWIFT_EMIT_LOC_STRINGS = YES;
				SWIFT_VERSION = 5.0;
				TARGETED_DEVICE_FAMILY = 1;
			};
			name = Debug;
		};
		C11357212A6AF47C0030ABB0 /* Release */ = {
			isa = XCBuildConfiguration;
			buildSettings = {
				ASSETCATALOG_COMPILER_GLOBAL_ACCENT_COLOR_NAME = AccentColor;
				ASSETCATALOG_COMPILER_WIDGET_BACKGROUND_COLOR_NAME = WidgetBackground;
				CODE_SIGN_STYLE = Automatic;
				CURRENT_PROJECT_VERSION = 1;
				DEVELOPMENT_TEAM = KD67T552T3;
				GENERATE_INFOPLIST_FILE = YES;
				INFOPLIST_FILE = "Strictly widget/Info.plist";
				INFOPLIST_KEY_CFBundleDisplayName = "Strictly widget";
				INFOPLIST_KEY_NSHumanReadableCopyright = "";
				LD_RUNPATH_SEARCH_PATHS = (
					"$(inherited)",
					"@executable_path/Frameworks",
					"@executable_path/../../Frameworks",
				);
				MARKETING_VERSION = 1.0;
				PRODUCT_BUNDLE_IDENTIFIER = "com.my.Strictly.Strictly-widget";
				PRODUCT_NAME = "$(TARGET_NAME)";
				SKIP_INSTALL = YES;
				SWIFT_EMIT_LOC_STRINGS = YES;
				SWIFT_VERSION = 5.0;
				TARGETED_DEVICE_FAMILY = 1;
			};
			name = Release;
		};
/* End XCBuildConfiguration section */

/* Begin XCConfigurationList section */
		C11356F42A6AF4020030ABB0 /* Build configuration list for PBXProject "Strictly" */ = {
			isa = XCConfigurationList;
			buildConfigurations = (
				C11357052A6AF4050030ABB0 /* Debug */,
				C11357062A6AF4050030ABB0 /* Release */,
			);
			defaultConfigurationIsVisible = 0;
			defaultConfigurationName = Release;
		};
		C11357072A6AF4050030ABB0 /* Build configuration list for PBXNativeTarget "Strictly" */ = {
			isa = XCConfigurationList;
			buildConfigurations = (
				C11357082A6AF4050030ABB0 /* Debug */,
				C11357092A6AF4050030ABB0 /* Release */,
			);
			defaultConfigurationIsVisible = 0;
			defaultConfigurationName = Release;
		};
		C113571F2A6AF47C0030ABB0 /* Build configuration list for PBXNativeTarget "Strictly widgetExtension" */ = {
			isa = XCConfigurationList;
			buildConfigurations = (
				C11357202A6AF47C0030ABB0 /* Debug */,
				C11357212A6AF47C0030ABB0 /* Release */,
			);
			defaultConfigurationIsVisible = 0;
			defaultConfigurationName = Release;
		};
/* End XCConfigurationList section */
	};
	rootObject = C11356F12A6AF4020030ABB0 /* Project object */;
}
